
Microsoft Visual Studio Solution File, Format Version 12.00
# Visual Studio Version 17
VisualStudioVersion = 17.1.32228.430
MinimumVisualStudioVersion = 10.0.40219.1
Project("{8BC9CEB8-8B4A-11D0-8D11-00A0C91BC942}") = "NetEngine", "NetEngine\NetEngine.vcxproj", "{0775863D-D45F-41FA-BF37-3F59A996EF40}"
	ProjectSection(ProjectDependencies) = postProject
		{50DB8B7A-61EE-4D81-A1C5-767AA9E1556A} = {50DB8B7A-61EE-4D81-A1C5-767AA9E1556A}
	EndProjectSection
EndProject
Project("{8BC9CEB8-8B4A-11D0-8D11-00A0C91BC942}") = "NetCore", "NetCore\NetCore.vcxproj", "{50DB8B7A-61EE-4D81-A1C5-767AA9E1556A}"
EndProject
Project("{8BC9CEB8-8B4A-11D0-8D11-00A0C91BC942}") = "DummyClient", "DummyClient\DummyClient.vcxproj", "{691E6F84-655E-4C48-A133-AFF58FADFB3B}"
	ProjectSection(ProjectDependencies) = postProject
		{50DB8B7A-61EE-4D81-A1C5-767AA9E1556A} = {50DB8B7A-61EE-4D81-A1C5-767AA9E1556A}
	EndProjectSection
EndProject
Global
	GlobalSection(SolutionConfigurationPlatforms) = preSolution
		Debug|x64 = Debug|x64
		Debug|x86 = Debug|x86
		Release|x64 = Release|x64
		Release|x86 = Release|x86
	EndGlobalSection
	GlobalSection(ProjectConfigurationPlatforms) = postSolution
		{0775863D-D45F-41FA-BF37-3F59A996EF40}.Debug|x64.ActiveCfg = Debug|x64
		{0775863D-D45F-41FA-BF37-3F59A996EF40}.Debug|x64.Build.0 = Debug|x64
		{0775863D-D45F-41FA-BF37-3F59A996EF40}.Debug|x86.ActiveCfg = Debug|Win32
		{0775863D-D45F-41FA-BF37-3F59A996EF40}.Debug|x86.Build.0 = Debug|Win32
		{0775863D-D45F-41FA-BF37-3F59A996EF40}.Release|x64.ActiveCfg = Release|x64
		{0775863D-D45F-41FA-BF37-3F59A996EF40}.Release|x64.Build.0 = Release|x64
		{0775863D-D45F-41FA-BF37-3F59A996EF40}.Release|x86.ActiveCfg = Release|Win32
		{0775863D-D45F-41FA-BF37-3F59A996EF40}.Release|x86.Build.0 = Release|Win32
		{50DB8B7A-61EE-4D81-A1C5-767AA9E1556A}.Debug|x64.ActiveCfg = Debug|x64
		{50DB8B7A-61EE-4D81-A1C5-767AA9E1556A}.Debug|x64.Build.0 = Debug|x64
		{50DB8B7A-61EE-4D81-A1C5-767AA9E1556A}.Debug|x86.ActiveCfg = Debug|Win32
		{50DB8B7A-61EE-4D81-A1C5-767AA9E1556A}.Debug|x86.Build.0 = Debug|Win32
		{50DB8B7A-61EE-4D81-A1C5-767AA9E1556A}.Release|x64.ActiveCfg = Release|x64
		{50DB8B7A-61EE-4D81-A1C5-767AA9E1556A}.Release|x64.Build.0 = Release|x64
		{50DB8B7A-61EE-4D81-A1C5-767AA9E1556A}.Release|x86.ActiveCfg = Release|Win32
		{50DB8B7A-61EE-4D81-A1C5-767AA9E1556A}.Release|x86.Build.0 = Release|Win32
		{691E6F84-655E-4C48-A133-AFF58FADFB3B}.Debug|x64.ActiveCfg = Debug|x64
		{691E6F84-655E-4C48-A133-AFF58FADFB3B}.Debug|x64.Build.0 = Debug|x64
		{691E6F84-655E-4C48-A133-AFF58FADFB3B}.Debug|x86.ActiveCfg = Debug|Win32
		{691E6F84-655E-4C48-A133-AFF58FADFB3B}.Debug|x86.Build.0 = Debug|Win32
		{691E6F84-655E-4C48-A133-AFF58FADFB3B}.Release|x64.ActiveCfg = Release|x64
		{691E6F84-655E-4C48-A133-AFF58FADFB3B}.Release|x64.Build.0 = Release|x64
		{691E6F84-655E-4C48-A133-AFF58FADFB3B}.Release|x86.ActiveCfg = Release|Win32
		{691E6F84-655E-4C48-A133-AFF58FADFB3B}.Release|x86.Build.0 = Release|Win32
	EndGlobalSection
	GlobalSection(SolutionProperties) = preSolution
		HideSolutionNode = FALSE
	EndGlobalSection
	GlobalSection(ExtensibilityGlobals) = postSolution
		SolutionGuid = {6548B276-BB54-4F78-B283-CD0F882DE699}
	EndGlobalSection
EndGlobal
