<?xml version="1.0" encoding="utf-8"?>
<Project ToolsVersion="4.0" xmlns="http://schemas.microsoft.com/developer/msbuild/2003">
  <ItemGroup>
    <Filter Include="Main">
      <UniqueIdentifier>{8d134600-139e-4fe6-990c-5e549f6b3977}</UniqueIdentifier>
    </Filter>
    <Filter Include="PCH">
      <UniqueIdentifier>{f0fba2d2-9d70-483b-be25-a53d0c18dd1e}</UniqueIdentifier>
    </Filter>
  </ItemGroup>
  <ItemGroup>
    <ClCompile Include="NetEngine.cpp">
      <Filter>Main</Filter>
    </ClCompile>
    <ClCompile Include="pch.cpp">
      <Filter>PCH</Filter>
    </ClCompile>
    <ClCompile Include="PlayerManager.cpp" />
    <ClCompile Include="AccountManager.cpp" />
  </ItemGroup>
  <ItemGroup>
    <ClInclude Include="pch.h">
      <Filter>PCH</Filter>
    </ClInclude>
    <ClInclude Include="PlayerManager.h" />
    <ClInclude Include="AccountManager.h" />
  </ItemGroup>
</Project>